
Microsoft Visual Studio Solution File, Format Version 12.00
# Visual Studio Version 17
VisualStudioVersion = 17.5.33627.172
MinimumVisualStudioVersion = 10.0.40219.1
Project("{2150E333-8FDC-42A3-9474-1A3956D46DE8}") = "src", "src", "{F632E90A-DE65-44D9-B8E0-AE8F19C24601}"
EndProject
Project("{2150E333-8FDC-42A3-9474-1A3956D46DE8}") = "tests", "tests", "{F692FDD3-5D41-4B24-A907-FCAE778F9777}"
EndProject
Project("{9A19103F-16F7-4668-BE54-9A1E7A4F7556}") = "YumeNailBar.Domain", "YumeNailBar.Domain\YumeNailBar.Domain.csproj", "{C86277A6-89A4-47A9-8472-46847DE2965E}"
EndProject
Project("{9A19103F-16F7-4668-BE54-9A1E7A4F7556}") = "YumeNailBar.Application", "YumeNailBar.Application\YumeNailBar.Application.csproj", "{CCF4B2C2-5FB4-4AF7-A700-712C3A29863D}"
EndProject
Project("{9A19103F-16F7-4668-BE54-9A1E7A4F7556}") = "YumeNailBar.Infrastructure", "YumeNailBar.Infrastructure\YumeNailBar.Infrastructure.csproj", "{C7ECDDF9-A687-471E-9900-1F52B9455EA2}"
EndProject
Project("{9A19103F-16F7-4668-BE54-9A1E7A4F7556}") = "YumeNailBar.Domain.Tests", "YumeNailBar.Domain.Tests\YumeNailBar.Domain.Tests.csproj", "{6F795A16-ED96-450B-ADCC-40DA5899A89E}"
EndProject
Project("{9A19103F-16F7-4668-BE54-9A1E7A4F7556}") = "YumeNailBar.Application.Tests", "YumeNailBar.Application.Tests\YumeNailBar.Application.Tests.csproj", "{CD7DAEB7-838C-4092-A912-D60DB61A2520}"
EndProject
Project("{9A19103F-16F7-4668-BE54-9A1E7A4F7556}") = "YumeNailBar.Infrastructure.Tests", "YumeNailBar.Infrastructure.Tests\YumeNailBar.Infrastructure.Tests.csproj", "{F48F1F96-C9A3-4F31-8CF0-A4260339FC1B}"
EndProject
Project("{9A19103F-16F7-4668-BE54-9A1E7A4F7556}") = "YumeNailBar.Presentation.Tests", "YumeNailBar.Presentation.Tests\YumeNailBar.Presentation.Tests.csproj", "{B54DFA86-2B97-4335-AC33-F7DD927C0062}"
EndProject
Project("{9A19103F-16F7-4668-BE54-9A1E7A4F7556}") = "YumeNailBar.WebApi", "YumeNailBar.WebApi\YumeNailBar.WebApi.csproj", "{68D26035-BE6F-40E9-AAEF-CADEB75063D9}"
EndProject
Project("{2150E333-8FDC-42A3-9474-1A3956D46DE8}") = "Solution Items", "Solution Items", "{D6CD2C49-DFAC-4A86-B66D-3C6D571B2604}"
	ProjectSection(SolutionItems) = preProject
		docker-compose.yml = docker-compose.yml
	EndProjectSection
EndProject
Project("{E53339B2-1760-4266-BCC7-CA923CBCF16C}") = "docker-compose", "docker-compose.dcproj", "{AF818F16-5BDB-49AD-8064-1F9AE79A6772}"
EndProject
Project("{FAE04EC0-301F-11D3-BF4B-00C04F79EFBC}") = "YumeNailBar.Console", "YumeNailBar.Console\YumeNailBar.Console.csproj", "{195E8E97-4D26-42B7-AA72-4357636FF04B}"
EndProject
Project("{FAE04EC0-301F-11D3-BF4B-00C04F79EFBC}") = "YumeNailBar.Blazor", "YumeNailBar.Blazor\YumeNailBar.Blazor.csproj", "{FCDDD616-23D4-492A-8826-F359AAFC4D6E}"
EndProject
Global
	GlobalSection(SolutionConfigurationPlatforms) = preSolution
		Debug|Any CPU = Debug|Any CPU
		Release|Any CPU = Release|Any CPU
	EndGlobalSection
	GlobalSection(ProjectConfigurationPlatforms) = postSolution
		{C86277A6-89A4-47A9-8472-46847DE2965E}.Debug|Any CPU.ActiveCfg = Debug|Any CPU
		{C86277A6-89A4-47A9-8472-46847DE2965E}.Debug|Any CPU.Build.0 = Debug|Any CPU
		{C86277A6-89A4-47A9-8472-46847DE2965E}.Release|Any CPU.ActiveCfg = Release|Any CPU
		{C86277A6-89A4-47A9-8472-46847DE2965E}.Release|Any CPU.Build.0 = Release|Any CPU
		{CCF4B2C2-5FB4-4AF7-A700-712C3A29863D}.Debug|Any CPU.ActiveCfg = Debug|Any CPU
		{CCF4B2C2-5FB4-4AF7-A700-712C3A29863D}.Debug|Any CPU.Build.0 = Debug|Any CPU
		{CCF4B2C2-5FB4-4AF7-A700-712C3A29863D}.Release|Any CPU.ActiveCfg = Release|Any CPU
		{CCF4B2C2-5FB4-4AF7-A700-712C3A29863D}.Release|Any CPU.Build.0 = Release|Any CPU
		{C7ECDDF9-A687-471E-9900-1F52B9455EA2}.Debug|Any CPU.ActiveCfg = Debug|Any CPU
		{C7ECDDF9-A687-471E-9900-1F52B9455EA2}.Debug|Any CPU.Build.0 = Debug|Any CPU
		{C7ECDDF9-A687-471E-9900-1F52B9455EA2}.Release|Any CPU.ActiveCfg = Release|Any CPU
		{C7ECDDF9-A687-471E-9900-1F52B9455EA2}.Release|Any CPU.Build.0 = Release|Any CPU
		{6F795A16-ED96-450B-ADCC-40DA5899A89E}.Debug|Any CPU.ActiveCfg = Debug|Any CPU
		{6F795A16-ED96-450B-ADCC-40DA5899A89E}.Debug|Any CPU.Build.0 = Debug|Any CPU
		{6F795A16-ED96-450B-ADCC-40DA5899A89E}.Release|Any CPU.ActiveCfg = Release|Any CPU
		{6F795A16-ED96-450B-ADCC-40DA5899A89E}.Release|Any CPU.Build.0 = Release|Any CPU
		{CD7DAEB7-838C-4092-A912-D60DB61A2520}.Debug|Any CPU.ActiveCfg = Debug|Any CPU
		{CD7DAEB7-838C-4092-A912-D60DB61A2520}.Debug|Any CPU.Build.0 = Debug|Any CPU
		{CD7DAEB7-838C-4092-A912-D60DB61A2520}.Release|Any CPU.ActiveCfg = Release|Any CPU
		{CD7DAEB7-838C-4092-A912-D60DB61A2520}.Release|Any CPU.Build.0 = Release|Any CPU
		{F48F1F96-C9A3-4F31-8CF0-A4260339FC1B}.Debug|Any CPU.ActiveCfg = Debug|Any CPU
		{F48F1F96-C9A3-4F31-8CF0-A4260339FC1B}.Debug|Any CPU.Build.0 = Debug|Any CPU
		{F48F1F96-C9A3-4F31-8CF0-A4260339FC1B}.Release|Any CPU.ActiveCfg = Release|Any CPU
		{F48F1F96-C9A3-4F31-8CF0-A4260339FC1B}.Release|Any CPU.Build.0 = Release|Any CPU
		{B54DFA86-2B97-4335-AC33-F7DD927C0062}.Debug|Any CPU.ActiveCfg = Debug|Any CPU
		{B54DFA86-2B97-4335-AC33-F7DD927C0062}.Debug|Any CPU.Build.0 = Debug|Any CPU
		{B54DFA86-2B97-4335-AC33-F7DD927C0062}.Release|Any CPU.ActiveCfg = Release|Any CPU
		{B54DFA86-2B97-4335-AC33-F7DD927C0062}.Release|Any CPU.Build.0 = Release|Any CPU
		{68D26035-BE6F-40E9-AAEF-CADEB75063D9}.Debug|Any CPU.ActiveCfg = Debug|Any CPU
		{68D26035-BE6F-40E9-AAEF-CADEB75063D9}.Debug|Any CPU.Build.0 = Debug|Any CPU
		{68D26035-BE6F-40E9-AAEF-CADEB75063D9}.Release|Any CPU.ActiveCfg = Release|Any CPU
		{68D26035-BE6F-40E9-AAEF-CADEB75063D9}.Release|Any CPU.Build.0 = Release|Any CPU
		{AF818F16-5BDB-49AD-8064-1F9AE79A6772}.Debug|Any CPU.ActiveCfg = Debug|Any CPU
		{AF818F16-5BDB-49AD-8064-1F9AE79A6772}.Debug|Any CPU.Build.0 = Debug|Any CPU
		{AF818F16-5BDB-49AD-8064-1F9AE79A6772}.Release|Any CPU.ActiveCfg = Release|Any CPU
		{AF818F16-5BDB-49AD-8064-1F9AE79A6772}.Release|Any CPU.Build.0 = Release|Any CPU
		{195E8E97-4D26-42B7-AA72-4357636FF04B}.Debug|Any CPU.ActiveCfg = Debug|Any CPU
		{195E8E97-4D26-42B7-AA72-4357636FF04B}.Debug|Any CPU.Build.0 = Debug|Any CPU
		{195E8E97-4D26-42B7-AA72-4357636FF04B}.Release|Any CPU.ActiveCfg = Release|Any CPU
		{195E8E97-4D26-42B7-AA72-4357636FF04B}.Release|Any CPU.Build.0 = Release|Any CPU
		{FCDDD616-23D4-492A-8826-F359AAFC4D6E}.Debug|Any CPU.ActiveCfg = Debug|Any CPU
		{FCDDD616-23D4-492A-8826-F359AAFC4D6E}.Debug|Any CPU.Build.0 = Debug|Any CPU
		{FCDDD616-23D4-492A-8826-F359AAFC4D6E}.Release|Any CPU.ActiveCfg = Release|Any CPU
		{FCDDD616-23D4-492A-8826-F359AAFC4D6E}.Release|Any CPU.Build.0 = Release|Any CPU
	EndGlobalSection
	GlobalSection(SolutionProperties) = preSolution
		HideSolutionNode = FALSE
	EndGlobalSection
	GlobalSection(NestedProjects) = preSolution
		{C86277A6-89A4-47A9-8472-46847DE2965E} = {F632E90A-DE65-44D9-B8E0-AE8F19C24601}
		{CCF4B2C2-5FB4-4AF7-A700-712C3A29863D} = {F632E90A-DE65-44D9-B8E0-AE8F19C24601}
		{C7ECDDF9-A687-471E-9900-1F52B9455EA2} = {F632E90A-DE65-44D9-B8E0-AE8F19C24601}
		{6F795A16-ED96-450B-ADCC-40DA5899A89E} = {F692FDD3-5D41-4B24-A907-FCAE778F9777}
		{CD7DAEB7-838C-4092-A912-D60DB61A2520} = {F692FDD3-5D41-4B24-A907-FCAE778F9777}
		{F48F1F96-C9A3-4F31-8CF0-A4260339FC1B} = {F692FDD3-5D41-4B24-A907-FCAE778F9777}
		{B54DFA86-2B97-4335-AC33-F7DD927C0062} = {F692FDD3-5D41-4B24-A907-FCAE778F9777}
		{68D26035-BE6F-40E9-AAEF-CADEB75063D9} = {F632E90A-DE65-44D9-B8E0-AE8F19C24601}
		{195E8E97-4D26-42B7-AA72-4357636FF04B} = {F632E90A-DE65-44D9-B8E0-AE8F19C24601}
		{FCDDD616-23D4-492A-8826-F359AAFC4D6E} = {F632E90A-DE65-44D9-B8E0-AE8F19C24601}
	EndGlobalSection
EndGlobal
